{
  "nodes": {
    "nixpkgs": {
      "locked": {
        "lastModified": 1745365465,
        "narHash": "sha256-y+G5BueXlXfozuzKkm1tTT0ZpEHFD1dx7orNIcSFbP0=",
        "owner": "nixos",
        "repo": "nixpkgs",
        "rev": "2a875b68adee59464634ce6e3240f95f990091e5",
        "type": "github"
      },
      "original": {
        "owner": "nixos",
        "repo": "nixpkgs",
        "type": "github"
      }
    },
    "root": {
      "inputs": {
        "nixpkgs": "nixpkgs",
        "rust-overlay": "rust-overlay"
      }
    },
    "rust-overlay": {
      "inputs": {
        "nixpkgs": [
          "nixpkgs"
        ]
      },
      "locked": {
        "lastModified": 1745375696,
        "narHash": "sha256-zFRCHNRJ1Ei8GD3iP+wcedkJzLo84OO7JEu/gmhSllU=",
        "owner": "oxalica",
        "repo": "rust-overlay",
        "rev": "19d1b5002d43c019880dd5cc0f8420efd20d5faf",
        "type": "github"
      },
      "original": {
        "owner": "oxalica",
        "repo": "rust-overlay",
        "type": "github"
      }
    }
  },
  "root": "root",
  "version": 7
}
